// !$*UTF8*$!
{
	archiveVersion = 1;
	classes = {
	};
	objectVersion = 50;
	objects = {

/* Begin PBXBuildFile section */
		54E348972547FEB8005E64E7 /* main.c in Sources */ = {isa = PBXBuildFile; fileRef = 54E348962547FEB8005E64E7 /* main.c */; };
		54E348A02547FEE7005E64E7 /* s_vm_inherit.c in Sources */ = {isa = PBXBuildFile; fileRef = 54E3489F2547FEE7005E64E7 /* s_vm_inherit.c */; };
		54E348A6254808CC005E64E7 /* s_vm_protection.c in Sources */ = {isa = PBXBuildFile; fileRef = 54E348A5254808CC005E64E7 /* s_vm_protection.c */; };
		54E348C325481830005E64E7 /* main.c in Sources */ = {isa = PBXBuildFile; fileRef = 54E348C225481830005E64E7 /* main.c */; };
		54E348D025481850005E64E7 /* main.c in Sources */ = {isa = PBXBuildFile; fileRef = 54E348CF25481850005E64E7 /* main.c */; };
		54E348EC2548422A005E64E7 /* s_shm_ipc_client.c in Sources */ = {isa = PBXBuildFile; fileRef = 54E348EB2548422A005E64E7 /* s_shm_ipc_client.c */; };
		54E348FB2548423F005E64E7 /* s_shm_ipc_server.c in Sources */ = {isa = PBXBuildFile; fileRef = 54E348FA2548423F005E64E7 /* s_shm_ipc_server.c */; };
/* End PBXBuildFile section */

/* Begin PBXCopyFilesBuildPhase section */
		54E348912547FEB8005E64E7 /* CopyFiles */ = {
			isa = PBXCopyFilesBuildPhase;
			buildActionMask = 2147483647;
			dstPath = /usr/share/man/man1/;
			dstSubfolderSpec = 0;
			files = (
			);
			runOnlyForDeploymentPostprocessing = 1;
		};
		54E348BE25481830005E64E7 /* CopyFiles */ = {
			isa = PBXCopyFilesBuildPhase;
			buildActionMask = 2147483647;
			dstPath = /usr/share/man/man1/;
			dstSubfolderSpec = 0;
			files = (
			);
			runOnlyForDeploymentPostprocessing = 1;
		};
		54E348CB25481850005E64E7 /* CopyFiles */ = {
			isa = PBXCopyFilesBuildPhase;
			buildActionMask = 2147483647;
			dstPath = /usr/share/man/man1/;
			dstSubfolderSpec = 0;
			files = (
			);
			runOnlyForDeploymentPostprocessing = 1;
		};
		54E348E72548422A005E64E7 /* CopyFiles */ = {
			isa = PBXCopyFilesBuildPhase;
			buildActionMask = 2147483647;
			dstPath = /usr/share/man/man1/;
			dstSubfolderSpec = 0;
			files = (
			);
			runOnlyForDeploymentPostprocessing = 1;
		};
		54E348F62548423E005E64E7 /* CopyFiles */ = {
			isa = PBXCopyFilesBuildPhase;
			buildActionMask = 2147483647;
			dstPath = /usr/share/man/man1/;
			dstSubfolderSpec = 0;
			files = (
			);
			runOnlyForDeploymentPostprocessing = 1;
		};
/* End PBXCopyFilesBuildPhase section */

/* Begin PBXFileReference section */
		54E348932547FEB8005E64E7 /* MacOSStudy */ = {isa = PBXFileReference; explicitFileType = "compiled.mach-o.executable"; includeInIndex = 0; path = MacOSStudy; sourceTree = BUILT_PRODUCTS_DIR; };
		54E348962547FEB8005E64E7 /* main.c */ = {isa = PBXFileReference; lastKnownFileType = sourcecode.c.c; path = main.c; sourceTree = "<group>"; };
		54E3489E2547FEE7005E64E7 /* s_vm_inherit.h */ = {isa = PBXFileReference; lastKnownFileType = sourcecode.c.h; path = s_vm_inherit.h; sourceTree = "<group>"; };
		54E3489F2547FEE7005E64E7 /* s_vm_inherit.c */ = {isa = PBXFileReference; lastKnownFileType = sourcecode.c.c; path = s_vm_inherit.c; sourceTree = "<group>"; };
		54E348A4254808CC005E64E7 /* s_vm_protection.h */ = {isa = PBXFileReference; lastKnownFileType = sourcecode.c.h; path = s_vm_protection.h; sourceTree = "<group>"; };
		54E348A5254808CC005E64E7 /* s_vm_protection.c */ = {isa = PBXFileReference; lastKnownFileType = sourcecode.c.c; path = s_vm_protection.c; sourceTree = "<group>"; };
		54E348A8254808E6005E64E7 /* s_common.h */ = {isa = PBXFileReference; lastKnownFileType = sourcecode.c.h; path = s_common.h; sourceTree = "<group>"; };
		54E348C025481830005E64E7 /* VMAccessTarget */ = {isa = PBXFileReference; explicitFileType = "compiled.mach-o.executable"; includeInIndex = 0; path = VMAccessTarget; sourceTree = BUILT_PRODUCTS_DIR; };
		54E348C225481830005E64E7 /* main.c */ = {isa = PBXFileReference; lastKnownFileType = sourcecode.c.c; path = main.c; sourceTree = "<group>"; };
		54E348CD25481850005E64E7 /* VMAccessMaster */ = {isa = PBXFileReference; explicitFileType = "compiled.mach-o.executable"; includeInIndex = 0; path = VMAccessMaster; sourceTree = BUILT_PRODUCTS_DIR; };
		54E348CF25481850005E64E7 /* main.c */ = {isa = PBXFileReference; lastKnownFileType = sourcecode.c.c; path = main.c; sourceTree = "<group>"; };
		54E348E92548422A005E64E7 /* ShareMemeoryIPCClient */ = {isa = PBXFileReference; explicitFileType = "compiled.mach-o.executable"; includeInIndex = 0; path = ShareMemeoryIPCClient; sourceTree = BUILT_PRODUCTS_DIR; };
		54E348EB2548422A005E64E7 /* s_shm_ipc_client.c */ = {isa = PBXFileReference; lastKnownFileType = sourcecode.c.c; path = s_shm_ipc_client.c; sourceTree = "<group>"; };
		54E348F82548423E005E64E7 /* ShareMemeoryIPCServer */ = {isa = PBXFileReference; explicitFileType = "compiled.mach-o.executable"; includeInIndex = 0; path = ShareMemeoryIPCServer; sourceTree = BUILT_PRODUCTS_DIR; };
		54E348FA2548423F005E64E7 /* s_shm_ipc_server.c */ = {isa = PBXFileReference; lastKnownFileType = sourcecode.c.c; path = s_shm_ipc_server.c; sourceTree = "<group>"; };
		54E3490425484270005E64E7 /* s_shm_ipc_header.h */ = {isa = PBXFileReference; lastKnownFileType = sourcecode.c.h; path = s_shm_ipc_header.h; sourceTree = "<group>"; };
/* End PBXFileReference section */

/* Begin PBXFrameworksBuildPhase section */
		54E348902547FEB8005E64E7 /* Frameworks */ = {
			isa = PBXFrameworksBuildPhase;
			buildActionMask = 2147483647;
			files = (
			);
			runOnlyForDeploymentPostprocessing = 0;
		};
		54E348BD25481830005E64E7 /* Frameworks */ = {
			isa = PBXFrameworksBuildPhase;
			buildActionMask = 2147483647;
			files = (
			);
			runOnlyForDeploymentPostprocessing = 0;
		};
		54E348CA25481850005E64E7 /* Frameworks */ = {
			isa = PBXFrameworksBuildPhase;
			buildActionMask = 2147483647;
			files = (
			);
			runOnlyForDeploymentPostprocessing = 0;
		};
		54E348E62548422A005E64E7 /* Frameworks */ = {
			isa = PBXFrameworksBuildPhase;
			buildActionMask = 2147483647;
			files = (
			);
			runOnlyForDeploymentPostprocessing = 0;
		};
		54E348F52548423E005E64E7 /* Frameworks */ = {
			isa = PBXFrameworksBuildPhase;
			buildActionMask = 2147483647;
			files = (
			);
			runOnlyForDeploymentPostprocessing = 0;
		};
/* End PBXFrameworksBuildPhase section */

/* Begin PBXGroup section */
		54E3488A2547FEB8005E64E7 = {
			isa = PBXGroup;
			children = (
				54E348D72548188E005E64E7 /* Common */,
				54E348952547FEB8005E64E7 /* MacOSStudy */,
				54E348C125481830005E64E7 /* VMAccessTarget */,
				54E348CE25481850005E64E7 /* VMAccessMaster */,
				54E348EA2548422A005E64E7 /* ShareMemeoryIPCClient */,
				54E348F92548423F005E64E7 /* ShareMemeoryIPCServer */,
				54E348942547FEB8005E64E7 /* Products */,
			);
			sourceTree = "<group>";
		};
		54E348942547FEB8005E64E7 /* Products */ = {
			isa = PBXGroup;
			children = (
				54E348932547FEB8005E64E7 /* MacOSStudy */,
				54E348C025481830005E64E7 /* VMAccessTarget */,
				54E348CD25481850005E64E7 /* VMAccessMaster */,
				54E348E92548422A005E64E7 /* ShareMemeoryIPCClient */,
				54E348F82548423E005E64E7 /* ShareMemeoryIPCServer */,
			);
			name = Products;
			sourceTree = "<group>";
		};
		54E348952547FEB8005E64E7 /* MacOSStudy */ = {
			isa = PBXGroup;
			children = (
				54E348962547FEB8005E64E7 /* main.c */,
				54E3489E2547FEE7005E64E7 /* s_vm_inherit.h */,
				54E3489F2547FEE7005E64E7 /* s_vm_inherit.c */,
				54E348A4254808CC005E64E7 /* s_vm_protection.h */,
				54E348A5254808CC005E64E7 /* s_vm_protection.c */,
			);
			path = MacOSStudy;
			sourceTree = "<group>";
		};
		54E348C125481830005E64E7 /* VMAccessTarget */ = {
			isa = PBXGroup;
			children = (
				54E348C225481830005E64E7 /* main.c */,
			);
			path = VMAccessTarget;
			sourceTree = "<group>";
		};
		54E348CE25481850005E64E7 /* VMAccessMaster */ = {
			isa = PBXGroup;
			children = (
				54E348CF25481850005E64E7 /* main.c */,
			);
			path = VMAccessMaster;
			sourceTree = "<group>";
		};
		54E348D72548188E005E64E7 /* Common */ = {
			isa = PBXGroup;
			children = (
				54E348A8254808E6005E64E7 /* s_common.h */,
				54E3490425484270005E64E7 /* s_shm_ipc_header.h */,
			);
			path = Common;
			sourceTree = "<group>";
		};
		54E348EA2548422A005E64E7 /* ShareMemeoryIPCClient */ = {
			isa = PBXGroup;
			children = (
				54E348EB2548422A005E64E7 /* s_shm_ipc_client.c */,
			);
			path = ShareMemeoryIPCClient;
			sourceTree = "<group>";
		};
		54E348F92548423F005E64E7 /* ShareMemeoryIPCServer */ = {
			isa = PBXGroup;
			children = (
				54E348FA2548423F005E64E7 /* s_shm_ipc_server.c */,
			);
			path = ShareMemeoryIPCServer;
			sourceTree = "<group>";
		};
/* End PBXGroup section */

/* Begin PBXNativeTarget section */
		54E348922547FEB8005E64E7 /* MacOSStudy */ = {
			isa = PBXNativeTarget;
			buildConfigurationList = 54E3489A2547FEB8005E64E7 /* Build configuration list for PBXNativeTarget "MacOSStudy" */;
			buildPhases = (
				54E3488F2547FEB8005E64E7 /* Sources */,
				54E348902547FEB8005E64E7 /* Frameworks */,
				54E348912547FEB8005E64E7 /* CopyFiles */,
			);
			buildRules = (
			);
			dependencies = (
			);
			name = MacOSStudy;
			productName = MacOSStudy;
			productReference = 54E348932547FEB8005E64E7 /* MacOSStudy */;
			productType = "com.apple.product-type.tool";
		};
		54E348BF25481830005E64E7 /* VMAccessTarget */ = {
			isa = PBXNativeTarget;
			buildConfigurationList = 54E348C425481830005E64E7 /* Build configuration list for PBXNativeTarget "VMAccessTarget" */;
			buildPhases = (
				54E348BC25481830005E64E7 /* Sources */,
				54E348BD25481830005E64E7 /* Frameworks */,
				54E348BE25481830005E64E7 /* CopyFiles */,
			);
			buildRules = (
			);
			dependencies = (
			);
			name = VMAccessTarget;
			productName = VMAccessTarget;
			productReference = 54E348C025481830005E64E7 /* VMAccessTarget */;
			productType = "com.apple.product-type.tool";
		};
		54E348CC25481850005E64E7 /* VMAccessMaster */ = {
			isa = PBXNativeTarget;
			buildConfigurationList = 54E348D125481850005E64E7 /* Build configuration list for PBXNativeTarget "VMAccessMaster" */;
			buildPhases = (
				54E348C925481850005E64E7 /* Sources */,
				54E348CA25481850005E64E7 /* Frameworks */,
				54E348CB25481850005E64E7 /* CopyFiles */,
			);
			buildRules = (
			);
			dependencies = (
			);
			name = VMAccessMaster;
			productName = VMAccessMaster;
			productReference = 54E348CD25481850005E64E7 /* VMAccessMaster */;
			productType = "com.apple.product-type.tool";
		};
		54E348E82548422A005E64E7 /* ShareMemeoryIPCClient */ = {
			isa = PBXNativeTarget;
			buildConfigurationList = 54E348ED2548422A005E64E7 /* Build configuration list for PBXNativeTarget "ShareMemeoryIPCClient" */;
			buildPhases = (
				54E348E52548422A005E64E7 /* Sources */,
				54E348E62548422A005E64E7 /* Frameworks */,
				54E348E72548422A005E64E7 /* CopyFiles */,
			);
			buildRules = (
			);
			dependencies = (
			);
			name = ShareMemeoryIPCClient;
			productName = ShareMemeoryIPCClient;
			productReference = 54E348E92548422A005E64E7 /* ShareMemeoryIPCClient */;
			productType = "com.apple.product-type.tool";
		};
		54E348F72548423E005E64E7 /* ShareMemeoryIPCServer */ = {
			isa = PBXNativeTarget;
			buildConfigurationList = 54E348FC2548423F005E64E7 /* Build configuration list for PBXNativeTarget "ShareMemeoryIPCServer" */;
			buildPhases = (
				54E348F42548423E005E64E7 /* Sources */,
				54E348F52548423E005E64E7 /* Frameworks */,
				54E348F62548423E005E64E7 /* CopyFiles */,
			);
			buildRules = (
			);
			dependencies = (
			);
			name = ShareMemeoryIPCServer;
			productName = ShareMemeoryIPCServer;
			productReference = 54E348F82548423E005E64E7 /* ShareMemeoryIPCServer */;
			productType = "com.apple.product-type.tool";
		};
/* End PBXNativeTarget section */

/* Begin PBXProject section */
		54E3488B2547FEB8005E64E7 /* Project object */ = {
			isa = PBXProject;
			attributes = {
				LastUpgradeCheck = 1200;
				TargetAttributes = {
					54E348922547FEB8005E64E7 = {
						CreatedOnToolsVersion = 12.0;
					};
					54E348BF25481830005E64E7 = {
						CreatedOnToolsVersion = 12.0;
					};
					54E348CC25481850005E64E7 = {
						CreatedOnToolsVersion = 12.0;
					};
					54E348E82548422A005E64E7 = {
						CreatedOnToolsVersion = 12.0;
					};
					54E348F72548423E005E64E7 = {
						CreatedOnToolsVersion = 12.0;
					};
				};
			};
			buildConfigurationList = 54E3488E2547FEB8005E64E7 /* Build configuration list for PBXProject "MacOSStudy" */;
			compatibilityVersion = "Xcode 9.3";
			developmentRegion = en;
			hasScannedForEncodings = 0;
			knownRegions = (
				en,
				Base,
			);
			mainGroup = 54E3488A2547FEB8005E64E7;
			productRefGroup = 54E348942547FEB8005E64E7 /* Products */;
			projectDirPath = "";
			projectRoot = "";
			targets = (
				54E348922547FEB8005E64E7 /* MacOSStudy */,
				54E348BF25481830005E64E7 /* VMAccessTarget */,
				54E348CC25481850005E64E7 /* VMAccessMaster */,
				54E348E82548422A005E64E7 /* ShareMemeoryIPCClient */,
				54E348F72548423E005E64E7 /* ShareMemeoryIPCServer */,
			);
		};
/* End PBXProject section */

/* Begin PBXSourcesBuildPhase section */
		54E3488F2547FEB8005E64E7 /* Sources */ = {
			isa = PBXSourcesBuildPhase;
			buildActionMask = 2147483647;
			files = (
				54E348A6254808CC005E64E7 /* s_vm_protection.c in Sources */,
				54E348A02547FEE7005E64E7 /* s_vm_inherit.c in Sources */,
				54E348972547FEB8005E64E7 /* main.c in Sources */,
			);
			runOnlyForDeploymentPostprocessing = 0;
		};
		54E348BC25481830005E64E7 /* Sources */ = {
			isa = PBXSourcesBuildPhase;
			buildActionMask = 2147483647;
			files = (
				54E348C325481830005E64E7 /* main.c in Sources */,
			);
			runOnlyForDeploymentPostprocessing = 0;
		};
		54E348C925481850005E64E7 /* Sources */ = {
			isa = PBXSourcesBuildPhase;
			buildActionMask = 2147483647;
			files = (
				54E348D025481850005E64E7 /* main.c in Sources */,
			);
			runOnlyForDeploymentPostprocessing = 0;
		};
		54E348E52548422A005E64E7 /* Sources */ = {
			isa = PBXSourcesBuildPhase;
			buildActionMask = 2147483647;
			files = (
				54E348EC2548422A005E64E7 /* s_shm_ipc_client.c in Sources */,
			);
			runOnlyForDeploymentPostprocessing = 0;
		};
		54E348F42548423E005E64E7 /* Sources */ = {
			isa = PBXSourcesBuildPhase;
			buildActionMask = 2147483647;
			files = (
				54E348FB2548423F005E64E7 /* s_shm_ipc_server.c in Sources */,
			);
			runOnlyForDeploymentPostprocessing = 0;
		};
/* End PBXSourcesBuildPhase section */

/* Begin XCBuildConfiguration section */
		54E348982547FEB8005E64E7 /* Debug */ = {
			isa = XCBuildConfiguration;
			buildSettings = {
				ALWAYS_SEARCH_USER_PATHS = NO;
				CLANG_ANALYZER_NONNULL = YES;
				CLANG_ANALYZER_NUMBER_OBJECT_CONVERSION = YES_AGGRESSIVE;
				CLANG_CXX_LANGUAGE_STANDARD = "gnu++14";
				CLANG_CXX_LIBRARY = "libc++";
				CLANG_ENABLE_MODULES = YES;
				CLANG_ENABLE_OBJC_ARC = YES;
				CLANG_ENABLE_OBJC_WEAK = YES;
				CLANG_WARN_BLOCK_CAPTURE_AUTORELEASING = YES;
				CLANG_WARN_BOOL_CONVERSION = YES;
				CLANG_WARN_COMMA = YES;
				CLANG_WARN_CONSTANT_CONVERSION = YES;
				CLANG_WARN_DEPRECATED_OBJC_IMPLEMENTATIONS = YES;
				CLANG_WARN_DIRECT_OBJC_ISA_USAGE = YES_ERROR;
				CLANG_WARN_DOCUMENTATION_COMMENTS = YES;
				CLANG_WARN_EMPTY_BODY = YES;
				CLANG_WARN_ENUM_CONVERSION = YES;
				CLANG_WARN_INFINITE_RECURSION = YES;
				CLANG_WARN_INT_CONVERSION = YES;
				CLANG_WARN_NON_LITERAL_NULL_CONVERSION = YES;
				CLANG_WARN_OBJC_IMPLICIT_RETAIN_SELF = YES;
				CLANG_WARN_OBJC_LITERAL_CONVERSION = YES;
				CLANG_WARN_OBJC_ROOT_CLASS = YES_ERROR;
				CLANG_WARN_QUOTED_INCLUDE_IN_FRAMEWORK_HEADER = YES;
				CLANG_WARN_RANGE_LOOP_ANALYSIS = YES;
				CLANG_WARN_STRICT_PROTOTYPES = YES;
				CLANG_WARN_SUSPICIOUS_MOVE = YES;
				CLANG_WARN_UNGUARDED_AVAILABILITY = YES_AGGRESSIVE;
				CLANG_WARN_UNREACHABLE_CODE = YES;
				CLANG_WARN__DUPLICATE_METHOD_MATCH = YES;
				COPY_PHASE_STRIP = NO;
				DEBUG_INFORMATION_FORMAT = dwarf;
				ENABLE_STRICT_OBJC_MSGSEND = YES;
				ENABLE_TESTABILITY = YES;
				GCC_C_LANGUAGE_STANDARD = gnu11;
				GCC_DYNAMIC_NO_PIC = NO;
				GCC_NO_COMMON_BLOCKS = YES;
				GCC_OPTIMIZATION_LEVEL = 0;
				GCC_PREPROCESSOR_DEFINITIONS = (
					"DEBUG=1",
					"$(inherited)",
				);
				GCC_WARN_64_TO_32_BIT_CONVERSION = YES;
				GCC_WARN_ABOUT_RETURN_TYPE = YES_ERROR;
				GCC_WARN_UNDECLARED_SELECTOR = YES;
				GCC_WARN_UNINITIALIZED_AUTOS = YES_AGGRESSIVE;
				GCC_WARN_UNUSED_FUNCTION = YES;
				GCC_WARN_UNUSED_VARIABLE = YES;
				MACOSX_DEPLOYMENT_TARGET = 10.15;
				MTL_ENABLE_DEBUG_INFO = INCLUDE_SOURCE;
				MTL_FAST_MATH = YES;
				ONLY_ACTIVE_ARCH = YES;
				SDKROOT = macosx;
			};
			name = Debug;
		};
		54E348992547FEB8005E64E7 /* Release */ = {
			isa = XCBuildConfiguration;
			buildSettings = {
				ALWAYS_SEARCH_USER_PATHS = NO;
				CLANG_ANALYZER_NONNULL = YES;
				CLANG_ANALYZER_NUMBER_OBJECT_CONVERSION = YES_AGGRESSIVE;
				CLANG_CXX_LANGUAGE_STANDARD = "gnu++14";
				CLANG_CXX_LIBRARY = "libc++";
				CLANG_ENABLE_MODULES = YES;
				CLANG_ENABLE_OBJC_ARC = YES;
				CLANG_ENABLE_OBJC_WEAK = YES;
				CLANG_WARN_BLOCK_CAPTURE_AUTORELEASING = YES;
				CLANG_WARN_BOOL_CONVERSION = YES;
				CLANG_WARN_COMMA = YES;
				CLANG_WARN_CONSTANT_CONVERSION = YES;
				CLANG_WARN_DEPRECATED_OBJC_IMPLEMENTATIONS = YES;
				CLANG_WARN_DIRECT_OBJC_ISA_USAGE = YES_ERROR;
				CLANG_WARN_DOCUMENTATION_COMMENTS = YES;
				CLANG_WARN_EMPTY_BODY = YES;
				CLANG_WARN_ENUM_CONVERSION = YES;
				CLANG_WARN_INFINITE_RECURSION = YES;
				CLANG_WARN_INT_CONVERSION = YES;
				CLANG_WARN_NON_LITERAL_NULL_CONVERSION = YES;
				CLANG_WARN_OBJC_IMPLICIT_RETAIN_SELF = YES;
				CLANG_WARN_OBJC_LITERAL_CONVERSION = YES;
				CLANG_WARN_OBJC_ROOT_CLASS = YES_ERROR;
				CLANG_WARN_QUOTED_INCLUDE_IN_FRAMEWORK_HEADER = YES;
				CLANG_WARN_RANGE_LOOP_ANALYSIS = YES;
				CLANG_WARN_STRICT_PROTOTYPES = YES;
				CLANG_WARN_SUSPICIOUS_MOVE = YES;
				CLANG_WARN_UNGUARDED_AVAILABILITY = YES_AGGRESSIVE;
				CLANG_WARN_UNREACHABLE_CODE = YES;
				CLANG_WARN__DUPLICATE_METHOD_MATCH = YES;
				COPY_PHASE_STRIP = NO;
				DEBUG_INFORMATION_FORMAT = "dwarf-with-dsym";
				ENABLE_NS_ASSERTIONS = NO;
				ENABLE_STRICT_OBJC_MSGSEND = YES;
				GCC_C_LANGUAGE_STANDARD = gnu11;
				GCC_NO_COMMON_BLOCKS = YES;
				GCC_WARN_64_TO_32_BIT_CONVERSION = YES;
				GCC_WARN_ABOUT_RETURN_TYPE = YES_ERROR;
				GCC_WARN_UNDECLARED_SELECTOR = YES;
				GCC_WARN_UNINITIALIZED_AUTOS = YES_AGGRESSIVE;
				GCC_WARN_UNUSED_FUNCTION = YES;
				GCC_WARN_UNUSED_VARIABLE = YES;
				MACOSX_DEPLOYMENT_TARGET = 10.15;
				MTL_ENABLE_DEBUG_INFO = NO;
				MTL_FAST_MATH = YES;
				SDKROOT = macosx;
			};
			name = Release;
		};
		54E3489B2547FEB8005E64E7 /* Debug */ = {
			isa = XCBuildConfiguration;
			buildSettings = {
				CODE_SIGN_STYLE = Automatic;
				DEVELOPMENT_TEAM = 8VBF894SB3;
				ENABLE_HARDENED_RUNTIME = YES;
				PRODUCT_NAME = "$(TARGET_NAME)";
			};
			name = Debug;
		};
		54E3489C2547FEB8005E64E7 /* Release */ = {
			isa = XCBuildConfiguration;
			buildSettings = {
				CODE_SIGN_STYLE = Automatic;
				DEVELOPMENT_TEAM = 8VBF894SB3;
				ENABLE_HARDENED_RUNTIME = YES;
				PRODUCT_NAME = "$(TARGET_NAME)";
			};
			name = Release;
		};
		54E348C525481830005E64E7 /* Debug */ = {
			isa = XCBuildConfiguration;
			buildSettings = {
				CODE_SIGN_ENTITLEMENTS = "";
				CODE_SIGN_STYLE = Automatic;
				DEVELOPMENT_TEAM = 8VBF894SB3;
				ENABLE_HARDENED_RUNTIME = YES;
				PRODUCT_NAME = "$(TARGET_NAME)";
			};
			name = Debug;
		};
		54E348C625481830005E64E7 /* Release */ = {
			isa = XCBuildConfiguration;
			buildSettings = {
				CODE_SIGN_ENTITLEMENTS = "";
				CODE_SIGN_STYLE = Automatic;
				DEVELOPMENT_TEAM = 8VBF894SB3;
				ENABLE_HARDENED_RUNTIME = YES;
				PRODUCT_NAME = "$(TARGET_NAME)";
			};
			name = Release;
		};
		54E348D225481850005E64E7 /* Debug */ = {
			isa = XCBuildConfiguration;
			buildSettings = {
				CODE_SIGN_STYLE = Automatic;
				DEVELOPMENT_TEAM = 8VBF894SB3;
				ENABLE_HARDENED_RUNTIME = YES;
				PRODUCT_NAME = "$(TARGET_NAME)";
			};
			name = Debug;
		};
		54E348D325481850005E64E7 /* Release */ = {
			isa = XCBuildConfiguration;
			buildSettings = {
				CODE_SIGN_STYLE = Automatic;
				DEVELOPMENT_TEAM = 8VBF894SB3;
				ENABLE_HARDENED_RUNTIME = YES;
				PRODUCT_NAME = "$(TARGET_NAME)";
			};
			name = Release;
		};
		54E348EE2548422A005E64E7 /* Debug */ = {
			isa = XCBuildConfiguration;
			buildSettings = {
				CODE_SIGN_STYLE = Automatic;
				DEVELOPMENT_TEAM = 8VBF894SB3;
				ENABLE_HARDENED_RUNTIME = YES;
				PRODUCT_NAME = "$(TARGET_NAME)";
			};
			name = Debug;
		};
		54E348EF2548422A005E64E7 /* Release */ = {
			isa = XCBuildConfiguration;
			buildSettings = {
				CODE_SIGN_STYLE = Automatic;
				DEVELOPMENT_TEAM = 8VBF894SB3;
				ENABLE_HARDENED_RUNTIME = YES;
				PRODUCT_NAME = "$(TARGET_NAME)";
			};
			name = Release;
		};
		54E348FD2548423F005E64E7 /* Debug */ = {
			isa = XCBuildConfiguration;
			buildSettings = {
				CODE_SIGN_STYLE = Automatic;
				DEVELOPMENT_TEAM = 8VBF894SB3;
				ENABLE_HARDENED_RUNTIME = YES;
				PRODUCT_NAME = "$(TARGET_NAME)";
			};
			name = Debug;
		};
		54E348FE2548423F005E64E7 /* Release */ = {
			isa = XCBuildConfiguration;
			buildSettings = {
				CODE_SIGN_STYLE = Automatic;
				DEVELOPMENT_TEAM = 8VBF894SB3;
				ENABLE_HARDENED_RUNTIME = YES;
				PRODUCT_NAME = "$(TARGET_NAME)";
			};
			name = Release;
		};
/* End XCBuildConfiguration section */

/* Begin XCConfigurationList section */
		54E3488E2547FEB8005E64E7 /* Build configuration list for PBXProject "MacOSStudy" */ = {
			isa = XCConfigurationList;
			buildConfigurations = (
				54E348982547FEB8005E64E7 /* Debug */,
				54E348992547FEB8005E64E7 /* Release */,
			);
			defaultConfigurationIsVisible = 0;
			defaultConfigurationName = Release;
		};
		54E3489A2547FEB8005E64E7 /* Build configuration list for PBXNativeTarget "MacOSStudy" */ = {
			isa = XCConfigurationList;
			buildConfigurations = (
				54E3489B2547FEB8005E64E7 /* Debug */,
				54E3489C2547FEB8005E64E7 /* Release */,
			);
			defaultConfigurationIsVisible = 0;
			defaultConfigurationName = Release;
		};
		54E348C425481830005E64E7 /* Build configuration list for PBXNativeTarget "VMAccessTarget" */ = {
			isa = XCConfigurationList;
			buildConfigurations = (
				54E348C525481830005E64E7 /* Debug */,
				54E348C625481830005E64E7 /* Release */,
			);
			defaultConfigurationIsVisible = 0;
			defaultConfigurationName = Release;
		};
		54E348D125481850005E64E7 /* Build configuration list for PBXNativeTarget "VMAccessMaster" */ = {
			isa = XCConfigurationList;
			buildConfigurations = (
				54E348D225481850005E64E7 /* Debug */,
				54E348D325481850005E64E7 /* Release */,
			);
			defaultConfigurationIsVisible = 0;
			defaultConfigurationName = Release;
		};
		54E348ED2548422A005E64E7 /* Build configuration list for PBXNativeTarget "ShareMemeoryIPCClient" */ = {
			isa = XCConfigurationList;
			buildConfigurations = (
				54E348EE2548422A005E64E7 /* Debug */,
				54E348EF2548422A005E64E7 /* Release */,
			);
			defaultConfigurationIsVisible = 0;
			defaultConfigurationName = Release;
		};
		54E348FC2548423F005E64E7 /* Build configuration list for PBXNativeTarget "ShareMemeoryIPCServer" */ = {
			isa = XCConfigurationList;
			buildConfigurations = (
				54E348FD2548423F005E64E7 /* Debug */,
				54E348FE2548423F005E64E7 /* Release */,
			);
			defaultConfigurationIsVisible = 0;
			defaultConfigurationName = Release;
		};
/* End XCConfigurationList section */
	};
	rootObject = 54E3488B2547FEB8005E64E7 /* Project object */;
}
